
Microsoft Visual Studio Solution File, Format Version 12.00
# Visual Studio 15
VisualStudioVersion = 15.0.27703.2035
MinimumVisualStudioVersion = 10.0.40219.1
Project("{FAE04EC0-301F-11D3-BF4B-00C04F79EFBC}") = "MesSaleAfterApp", "MesSaleAfterApp\MesSaleAfterApp.csproj", "{A60BF4E3-CC0B-48B2-9AC2-10C67DF4B9D3}"
EndProject
Global
	GlobalSection(SolutionConfigurationPlatforms) = preSolution
		Debug|Any CPU = Debug|Any CPU
		Release|Any CPU = Release|Any CPU
	EndGlobalSection
	GlobalSection(ProjectConfigurationPlatforms) = postSolution
		{A60BF4E3-CC0B-48B2-9AC2-10C67DF4B9D3}.Debug|Any CPU.ActiveCfg = Debug|Any CPU
		{A60BF4E3-CC0B-48B2-9AC2-10C67DF4B9D3}.Debug|Any CPU.Build.0 = Debug|Any CPU
		{A60BF4E3-CC0B-48B2-9AC2-10C67DF4B9D3}.Release|Any CPU.ActiveCfg = Release|Any CPU
		{A60BF4E3-CC0B-48B2-9AC2-10C67DF4B9D3}.Release|Any CPU.Build.0 = Release|Any CPU
	EndGlobalSection
	GlobalSection(SolutionProperties) = preSolution
		HideSolutionNode = FALSE
	EndGlobalSection
	GlobalSection(ExtensibilityGlobals) = postSolution
		SolutionGuid = {E43DFA00-0595-43F5-9F7B-61D38602312A}
	EndGlobalSection
EndGlobal
